
Microsoft Visual Studio Solution File, Format Version 12.00
# Visual Studio Version 17
VisualStudioVersion = 17.9.34607.119
MinimumVisualStudioVersion = 10.0.40219.1
Project("{FAE04EC0-301F-11D3-BF4B-00C04F79EFBC}") = "TestProj", "TestProj\TestProj.csproj", "{1C5EC987-3F72-4E3E-AF96-98A111D04A0C}"
EndProject
Global
	GlobalSection(SolutionConfigurationPlatforms) = preSolution
		Debug|Any CPU = Debug|Any CPU
		Release|Any CPU = Release|Any CPU
	EndGlobalSection
	GlobalSection(ProjectConfigurationPlatforms) = postSolution
		{1C5EC987-3F72-4E3E-AF96-98A111D04A0C}.Debug|Any CPU.ActiveCfg = Debug|Any CPU
		{1C5EC987-3F72-4E3E-AF96-98A111D04A0C}.Debug|Any CPU.Build.0 = Debug|Any CPU
		{1C5EC987-3F72-4E3E-AF96-98A111D04A0C}.Release|Any CPU.ActiveCfg = Release|Any CPU
		{1C5EC987-3F72-4E3E-AF96-98A111D04A0C}.Release|Any CPU.Build.0 = Release|Any CPU
	EndGlobalSection
	GlobalSection(SolutionProperties) = preSolution
		HideSolutionNode = FALSE
	EndGlobalSection
	GlobalSection(ExtensibilityGlobals) = postSolution
		SolutionGuid = {B9C21150-2DAE-4854-8648-A7FB7111A689}
	EndGlobalSection
EndGlobal
